
Microsoft Visual Studio Solution File, Format Version 12.00
# Visual Studio 15
VisualStudioVersion = 15.0.27703.2047
MinimumVisualStudioVersion = 10.0.40219.1
Project("{FAE04EC0-301F-11D3-BF4B-00C04F79EFBC}") = "DemoViews.Android", "DemoViews\DemoViews.Android\DemoViews.Android.csproj", "{15CBD5AE-F30C-4D40-A7A0-55A2EA5A355D}"
EndProject
Project("{FAE04EC0-301F-11D3-BF4B-00C04F79EFBC}") = "DemoViews.iOS", "DemoViews\DemoViews.iOS\DemoViews.iOS.csproj", "{10D54ED4-BC17-46D3-9F07-3EDABEC90DDC}"
EndProject
Project("{FAE04EC0-301F-11D3-BF4B-00C04F79EFBC}") = "DemoViews", "DemoViews\DemoViews\DemoViews.csproj", "{780214DB-66BB-4370-A820-AE997721666F}"
EndProject
Global
	GlobalSection(SolutionConfigurationPlatforms) = preSolution
		Ad-Hoc|Any CPU = Ad-Hoc|Any CPU
		Ad-Hoc|iPhone = Ad-Hoc|iPhone
		Ad-Hoc|iPhoneSimulator = Ad-Hoc|iPhoneSimulator
		AppStore|Any CPU = AppStore|Any CPU
		AppStore|iPhone = AppStore|iPhone
		AppStore|iPhoneSimulator = AppStore|iPhoneSimulator
		Debug|Any CPU = Debug|Any CPU
		Debug|iPhone = Debug|iPhone
		Debug|iPhoneSimulator = Debug|iPhoneSimulator
		Release|Any CPU = Release|Any CPU
		Release|iPhone = Release|iPhone
		Release|iPhoneSimulator = Release|iPhoneSimulator
	EndGlobalSection
	GlobalSection(ProjectConfigurationPlatforms) = postSolution
		{15CBD5AE-F30C-4D40-A7A0-55A2EA5A355D}.Ad-Hoc|Any CPU.ActiveCfg = Release|Any CPU
		{15CBD5AE-F30C-4D40-A7A0-55A2EA5A355D}.Ad-Hoc|Any CPU.Build.0 = Release|Any CPU
		{15CBD5AE-F30C-4D40-A7A0-55A2EA5A355D}.Ad-Hoc|Any CPU.Deploy.0 = Release|Any CPU
		{15CBD5AE-F30C-4D40-A7A0-55A2EA5A355D}.Ad-Hoc|iPhone.ActiveCfg = Release|Any CPU
		{15CBD5AE-F30C-4D40-A7A0-55A2EA5A355D}.Ad-Hoc|iPhone.Build.0 = Release|Any CPU
		{15CBD5AE-F30C-4D40-A7A0-55A2EA5A355D}.Ad-Hoc|iPhone.Deploy.0 = Release|Any CPU
		{15CBD5AE-F30C-4D40-A7A0-55A2EA5A355D}.Ad-Hoc|iPhoneSimulator.ActiveCfg = Release|Any CPU
		{15CBD5AE-F30C-4D40-A7A0-55A2EA5A355D}.Ad-Hoc|iPhoneSimulator.Build.0 = Release|Any CPU
		{15CBD5AE-F30C-4D40-A7A0-55A2EA5A355D}.Ad-Hoc|iPhoneSimulator.Deploy.0 = Release|Any CPU
		{15CBD5AE-F30C-4D40-A7A0-55A2EA5A355D}.AppStore|Any CPU.ActiveCfg = Release|Any CPU
		{15CBD5AE-F30C-4D40-A7A0-55A2EA5A355D}.AppStore|Any CPU.Build.0 = Release|Any CPU
		{15CBD5AE-F30C-4D40-A7A0-55A2EA5A355D}.AppStore|Any CPU.Deploy.0 = Release|Any CPU
		{15CBD5AE-F30C-4D40-A7A0-55A2EA5A355D}.AppStore|iPhone.ActiveCfg = Release|Any CPU
		{15CBD5AE-F30C-4D40-A7A0-55A2EA5A355D}.AppStore|iPhone.Build.0 = Release|Any CPU
		{15CBD5AE-F30C-4D40-A7A0-55A2EA5A355D}.AppStore|iPhone.Deploy.0 = Release|Any CPU
		{15CBD5AE-F30C-4D40-A7A0-55A2EA5A355D}.AppStore|iPhoneSimulator.ActiveCfg = Release|Any CPU
		{15CBD5AE-F30C-4D40-A7A0-55A2EA5A355D}.AppStore|iPhoneSimulator.Build.0 = Release|Any CPU
		{15CBD5AE-F30C-4D40-A7A0-55A2EA5A355D}.AppStore|iPhoneSimulator.Deploy.0 = Release|Any CPU
		{15CBD5AE-F30C-4D40-A7A0-55A2EA5A355D}.Debug|Any CPU.ActiveCfg = Debug|Any CPU
		{15CBD5AE-F30C-4D40-A7A0-55A2EA5A355D}.Debug|Any CPU.Build.0 = Debug|Any CPU
		{15CBD5AE-F30C-4D40-A7A0-55A2EA5A355D}.Debug|Any CPU.Deploy.0 = Debug|Any CPU
		{15CBD5AE-F30C-4D40-A7A0-55A2EA5A355D}.Debug|iPhone.ActiveCfg = Debug|Any CPU
		{15CBD5AE-F30C-4D40-A7A0-55A2EA5A355D}.Debug|iPhone.Build.0 = Debug|Any CPU
		{15CBD5AE-F30C-4D40-A7A0-55A2EA5A355D}.Debug|iPhone.Deploy.0 = Debug|Any CPU
		{15CBD5AE-F30C-4D40-A7A0-55A2EA5A355D}.Debug|iPhoneSimulator.ActiveCfg = Debug|Any CPU
		{15CBD5AE-F30C-4D40-A7A0-55A2EA5A355D}.Debug|iPhoneSimulator.Build.0 = Debug|Any CPU
		{15CBD5AE-F30C-4D40-A7A0-55A2EA5A355D}.Debug|iPhoneSimulator.Deploy.0 = Debug|Any CPU
		{15CBD5AE-F30C-4D40-A7A0-55A2EA5A355D}.Release|Any CPU.ActiveCfg = Release|Any CPU
		{15CBD5AE-F30C-4D40-A7A0-55A2EA5A355D}.Release|Any CPU.Build.0 = Release|Any CPU
		{15CBD5AE-F30C-4D40-A7A0-55A2EA5A355D}.Release|Any CPU.Deploy.0 = Release|Any CPU
		{15CBD5AE-F30C-4D40-A7A0-55A2EA5A355D}.Release|iPhone.ActiveCfg = Release|Any CPU
		{15CBD5AE-F30C-4D40-A7A0-55A2EA5A355D}.Release|iPhone.Build.0 = Release|Any CPU
		{15CBD5AE-F30C-4D40-A7A0-55A2EA5A355D}.Release|iPhone.Deploy.0 = Release|Any CPU
		{15CBD5AE-F30C-4D40-A7A0-55A2EA5A355D}.Release|iPhoneSimulator.ActiveCfg = Release|Any CPU
		{15CBD5AE-F30C-4D40-A7A0-55A2EA5A355D}.Release|iPhoneSimulator.Build.0 = Release|Any CPU
		{15CBD5AE-F30C-4D40-A7A0-55A2EA5A355D}.Release|iPhoneSimulator.Deploy.0 = Release|Any CPU
		{10D54ED4-BC17-46D3-9F07-3EDABEC90DDC}.Ad-Hoc|Any CPU.ActiveCfg = Ad-Hoc|iPhone
		{10D54ED4-BC17-46D3-9F07-3EDABEC90DDC}.Ad-Hoc|Any CPU.Build.0 = Ad-Hoc|iPhone
		{10D54ED4-BC17-46D3-9F07-3EDABEC90DDC}.Ad-Hoc|Any CPU.Deploy.0 = Ad-Hoc|iPhone
		{10D54ED4-BC17-46D3-9F07-3EDABEC90DDC}.Ad-Hoc|iPhone.ActiveCfg = Ad-Hoc|iPhone
		{10D54ED4-BC17-46D3-9F07-3EDABEC90DDC}.Ad-Hoc|iPhone.Build.0 = Ad-Hoc|iPhone
		{10D54ED4-BC17-46D3-9F07-3EDABEC90DDC}.Ad-Hoc|iPhone.Deploy.0 = Ad-Hoc|iPhone
		{10D54ED4-BC17-46D3-9F07-3EDABEC90DDC}.Ad-Hoc|iPhoneSimulator.ActiveCfg = Ad-Hoc|iPhoneSimulator
		{10D54ED4-BC17-46D3-9F07-3EDABEC90DDC}.Ad-Hoc|iPhoneSimulator.Build.0 = Ad-Hoc|iPhoneSimulator
		{10D54ED4-BC17-46D3-9F07-3EDABEC90DDC}.Ad-Hoc|iPhoneSimulator.Deploy.0 = Ad-Hoc|iPhoneSimulator
		{10D54ED4-BC17-46D3-9F07-3EDABEC90DDC}.AppStore|Any CPU.ActiveCfg = AppStore|iPhone
		{10D54ED4-BC17-46D3-9F07-3EDABEC90DDC}.AppStore|Any CPU.Build.0 = AppStore|iPhone
		{10D54ED4-BC17-46D3-9F07-3EDABEC90DDC}.AppStore|Any CPU.Deploy.0 = AppStore|iPhone
		{10D54ED4-BC17-46D3-9F07-3EDABEC90DDC}.AppStore|iPhone.ActiveCfg = AppStore|iPhone
		{10D54ED4-BC17-46D3-9F07-3EDABEC90DDC}.AppStore|iPhone.Build.0 = AppStore|iPhone
		{10D54ED4-BC17-46D3-9F07-3EDABEC90DDC}.AppStore|iPhone.Deploy.0 = AppStore|iPhone
		{10D54ED4-BC17-46D3-9F07-3EDABEC90DDC}.AppStore|iPhoneSimulator.ActiveCfg = AppStore|iPhoneSimulator
		{10D54ED4-BC17-46D3-9F07-3EDABEC90DDC}.AppStore|iPhoneSimulator.Build.0 = AppStore|iPhoneSimulator
		{10D54ED4-BC17-46D3-9F07-3EDABEC90DDC}.AppStore|iPhoneSimulator.Deploy.0 = AppStore|iPhoneSimulator
		{10D54ED4-BC17-46D3-9F07-3EDABEC90DDC}.Debug|Any CPU.ActiveCfg = Debug|iPhoneSimulator
		{10D54ED4-BC17-46D3-9F07-3EDABEC90DDC}.Debug|Any CPU.Build.0 = Debug|iPhoneSimulator
		{10D54ED4-BC17-46D3-9F07-3EDABEC90DDC}.Debug|Any CPU.Deploy.0 = Debug|iPhoneSimulator
		{10D54ED4-BC17-46D3-9F07-3EDABEC90DDC}.Debug|iPhone.ActiveCfg = Debug|iPhone
		{10D54ED4-BC17-46D3-9F07-3EDABEC90DDC}.Debug|iPhone.Build.0 = Debug|iPhone
		{10D54ED4-BC17-46D3-9F07-3EDABEC90DDC}.Debug|iPhone.Deploy.0 = Debug|iPhone
		{10D54ED4-BC17-46D3-9F07-3EDABEC90DDC}.Debug|iPhoneSimulator.ActiveCfg = Debug|iPhoneSimulator
		{10D54ED4-BC17-46D3-9F07-3EDABEC90DDC}.Debug|iPhoneSimulator.Build.0 = Debug|iPhoneSimulator
		{10D54ED4-BC17-46D3-9F07-3EDABEC90DDC}.Debug|iPhoneSimulator.Deploy.0 = Debug|iPhoneSimulator
		{10D54ED4-BC17-46D3-9F07-3EDABEC90DDC}.Release|Any CPU.ActiveCfg = Release|iPhone
		{10D54ED4-BC17-46D3-9F07-3EDABEC90DDC}.Release|Any CPU.Build.0 = Release|iPhone
		{10D54ED4-BC17-46D3-9F07-3EDABEC90DDC}.Release|Any CPU.Deploy.0 = Release|iPhone
		{10D54ED4-BC17-46D3-9F07-3EDABEC90DDC}.Release|iPhone.ActiveCfg = Release|iPhone
		{10D54ED4-BC17-46D3-9F07-3EDABEC90DDC}.Release|iPhone.Build.0 = Release|iPhone
		{10D54ED4-BC17-46D3-9F07-3EDABEC90DDC}.Release|iPhone.Deploy.0 = Release|iPhone
		{10D54ED4-BC17-46D3-9F07-3EDABEC90DDC}.Release|iPhoneSimulator.ActiveCfg = Release|iPhoneSimulator
		{10D54ED4-BC17-46D3-9F07-3EDABEC90DDC}.Release|iPhoneSimulator.Build.0 = Release|iPhoneSimulator
		{10D54ED4-BC17-46D3-9F07-3EDABEC90DDC}.Release|iPhoneSimulator.Deploy.0 = Release|iPhoneSimulator
		{780214DB-66BB-4370-A820-AE997721666F}.Ad-Hoc|Any CPU.ActiveCfg = Debug|Any CPU
		{780214DB-66BB-4370-A820-AE997721666F}.Ad-Hoc|Any CPU.Build.0 = Debug|Any CPU
		{780214DB-66BB-4370-A820-AE997721666F}.Ad-Hoc|Any CPU.Deploy.0 = Debug|Any CPU
		{780214DB-66BB-4370-A820-AE997721666F}.Ad-Hoc|iPhone.ActiveCfg = Debug|Any CPU
		{780214DB-66BB-4370-A820-AE997721666F}.Ad-Hoc|iPhone.Build.0 = Debug|Any CPU
		{780214DB-66BB-4370-A820-AE997721666F}.Ad-Hoc|iPhone.Deploy.0 = Debug|Any CPU
		{780214DB-66BB-4370-A820-AE997721666F}.Ad-Hoc|iPhoneSimulator.ActiveCfg = Debug|Any CPU
		{780214DB-66BB-4370-A820-AE997721666F}.Ad-Hoc|iPhoneSimulator.Build.0 = Debug|Any CPU
		{780214DB-66BB-4370-A820-AE997721666F}.Ad-Hoc|iPhoneSimulator.Deploy.0 = Debug|Any CPU
		{780214DB-66BB-4370-A820-AE997721666F}.AppStore|Any CPU.ActiveCfg = Debug|Any CPU
		{780214DB-66BB-4370-A820-AE997721666F}.AppStore|Any CPU.Build.0 = Debug|Any CPU
		{780214DB-66BB-4370-A820-AE997721666F}.AppStore|Any CPU.Deploy.0 = Debug|Any CPU
		{780214DB-66BB-4370-A820-AE997721666F}.AppStore|iPhone.ActiveCfg = Debug|Any CPU
		{780214DB-66BB-4370-A820-AE997721666F}.AppStore|iPhone.Build.0 = Debug|Any CPU
		{780214DB-66BB-4370-A820-AE997721666F}.AppStore|iPhone.Deploy.0 = Debug|Any CPU
		{780214DB-66BB-4370-A820-AE997721666F}.AppStore|iPhoneSimulator.ActiveCfg = Debug|Any CPU
		{780214DB-66BB-4370-A820-AE997721666F}.AppStore|iPhoneSimulator.Build.0 = Debug|Any CPU
		{780214DB-66BB-4370-A820-AE997721666F}.AppStore|iPhoneSimulator.Deploy.0 = Debug|Any CPU
		{780214DB-66BB-4370-A820-AE997721666F}.Debug|Any CPU.ActiveCfg = Debug|Any CPU
		{780214DB-66BB-4370-A820-AE997721666F}.Debug|Any CPU.Build.0 = Debug|Any CPU
		{780214DB-66BB-4370-A820-AE997721666F}.Debug|Any CPU.Deploy.0 = Debug|Any CPU
		{780214DB-66BB-4370-A820-AE997721666F}.Debug|iPhone.ActiveCfg = Debug|Any CPU
		{780214DB-66BB-4370-A820-AE997721666F}.Debug|iPhone.Build.0 = Debug|Any CPU
		{780214DB-66BB-4370-A820-AE997721666F}.Debug|iPhone.Deploy.0 = Debug|Any CPU
		{780214DB-66BB-4370-A820-AE997721666F}.Debug|iPhoneSimulator.ActiveCfg = Debug|Any CPU
		{780214DB-66BB-4370-A820-AE997721666F}.Debug|iPhoneSimulator.Build.0 = Debug|Any CPU
		{780214DB-66BB-4370-A820-AE997721666F}.Debug|iPhoneSimulator.Deploy.0 = Debug|Any CPU
		{780214DB-66BB-4370-A820-AE997721666F}.Release|Any CPU.ActiveCfg = Release|Any CPU
		{780214DB-66BB-4370-A820-AE997721666F}.Release|Any CPU.Build.0 = Release|Any CPU
		{780214DB-66BB-4370-A820-AE997721666F}.Release|Any CPU.Deploy.0 = Release|Any CPU
		{780214DB-66BB-4370-A820-AE997721666F}.Release|iPhone.ActiveCfg = Release|Any CPU
		{780214DB-66BB-4370-A820-AE997721666F}.Release|iPhone.Build.0 = Release|Any CPU
		{780214DB-66BB-4370-A820-AE997721666F}.Release|iPhone.Deploy.0 = Release|Any CPU
		{780214DB-66BB-4370-A820-AE997721666F}.Release|iPhoneSimulator.ActiveCfg = Release|Any CPU
		{780214DB-66BB-4370-A820-AE997721666F}.Release|iPhoneSimulator.Build.0 = Release|Any CPU
		{780214DB-66BB-4370-A820-AE997721666F}.Release|iPhoneSimulator.Deploy.0 = Release|Any CPU
	EndGlobalSection
	GlobalSection(SolutionProperties) = preSolution
		HideSolutionNode = FALSE
	EndGlobalSection
	GlobalSection(ExtensibilityGlobals) = postSolution
		SolutionGuid = {149D06CB-5E2D-488A-925C-C1A143E33F23}
	EndGlobalSection
EndGlobal
